
Microsoft Visual Studio Solution File, Format Version 12.00
# Visual Studio Version 17
VisualStudioVersion = 17.4.33205.214
MinimumVisualStudioVersion = 10.0.40219.1
Project("{FAE04EC0-301F-11D3-BF4B-00C04F79EFBC}") = "ProcessMonitor", "ProcessMonitor.csproj", "{EF21DB6B-FD47-43EA-BFBA-99A8F35D6EE5}"
EndProject
Global
	GlobalSection(SolutionConfigurationPlatforms) = preSolution
		Debug|Any CPU = Debug|Any CPU
		Release|Any CPU = Release|Any CPU
	EndGlobalSection
	GlobalSection(ProjectConfigurationPlatforms) = postSolution
		{EF21DB6B-FD47-43EA-BFBA-99A8F35D6EE5}.Debug|Any CPU.ActiveCfg = Debug|Any CPU
		{EF21DB6B-FD47-43EA-BFBA-99A8F35D6EE5}.Debug|Any CPU.Build.0 = Debug|Any CPU
		{EF21DB6B-FD47-43EA-BFBA-99A8F35D6EE5}.Release|Any CPU.ActiveCfg = Release|Any CPU
		{EF21DB6B-FD47-43EA-BFBA-99A8F35D6EE5}.Release|Any CPU.Build.0 = Release|Any CPU
	EndGlobalSection
	GlobalSection(SolutionProperties) = preSolution
		HideSolutionNode = FALSE
	EndGlobalSection
	GlobalSection(ExtensibilityGlobals) = postSolution
		SolutionGuid = {3B50266E-9292-4BD0-872B-E098A3BE8CAE}
	EndGlobalSection
EndGlobal
